
Microsoft Visual Studio Solution File, Format Version 12.00
# Visual Studio Version 17
VisualStudioVersion = 17.10.35027.167
MinimumVisualStudioVersion = 10.0.40219.1
Project("{FAE04EC0-301F-11D3-BF4B-00C04F79EFBC}") = "Domain", "Domain\Domain.csproj", "{6B206135-6600-48A1-A986-2DA5EB519E69}"
EndProject
Project("{FAE04EC0-301F-11D3-BF4B-00C04F79EFBC}") = "Infrastructure", "Infrastructure\Infrastructure.csproj", "{B0CAF70F-B9D7-44BC-AFBD-2C974D247A2D}"
EndProject
Project("{FAE04EC0-301F-11D3-BF4B-00C04F79EFBC}") = "Application", "Application\Application.csproj", "{CA5B6E39-C1C6-453D-A9F1-2ED799790DFB}"
EndProject
Project("{FAE04EC0-301F-11D3-BF4B-00C04F79EFBC}") = "WebApi", "WebApi\WebApi.csproj", "{A6607584-5992-48E2-9E73-9CFFB9AE8D62}"
EndProject
Global
	GlobalSection(SolutionConfigurationPlatforms) = preSolution
		Debug|Any CPU = Debug|Any CPU
		Release|Any CPU = Release|Any CPU
	EndGlobalSection
	GlobalSection(ProjectConfigurationPlatforms) = postSolution
		{6B206135-6600-48A1-A986-2DA5EB519E69}.Debug|Any CPU.ActiveCfg = Debug|Any CPU
		{6B206135-6600-48A1-A986-2DA5EB519E69}.Debug|Any CPU.Build.0 = Debug|Any CPU
		{6B206135-6600-48A1-A986-2DA5EB519E69}.Release|Any CPU.ActiveCfg = Release|Any CPU
		{6B206135-6600-48A1-A986-2DA5EB519E69}.Release|Any CPU.Build.0 = Release|Any CPU
		{B0CAF70F-B9D7-44BC-AFBD-2C974D247A2D}.Debug|Any CPU.ActiveCfg = Debug|Any CPU
		{B0CAF70F-B9D7-44BC-AFBD-2C974D247A2D}.Debug|Any CPU.Build.0 = Debug|Any CPU
		{B0CAF70F-B9D7-44BC-AFBD-2C974D247A2D}.Release|Any CPU.ActiveCfg = Release|Any CPU
		{B0CAF70F-B9D7-44BC-AFBD-2C974D247A2D}.Release|Any CPU.Build.0 = Release|Any CPU
		{CA5B6E39-C1C6-453D-A9F1-2ED799790DFB}.Debug|Any CPU.ActiveCfg = Debug|Any CPU
		{CA5B6E39-C1C6-453D-A9F1-2ED799790DFB}.Debug|Any CPU.Build.0 = Debug|Any CPU
		{CA5B6E39-C1C6-453D-A9F1-2ED799790DFB}.Release|Any CPU.ActiveCfg = Release|Any CPU
		{CA5B6E39-C1C6-453D-A9F1-2ED799790DFB}.Release|Any CPU.Build.0 = Release|Any CPU
		{A6607584-5992-48E2-9E73-9CFFB9AE8D62}.Debug|Any CPU.ActiveCfg = Debug|Any CPU
		{A6607584-5992-48E2-9E73-9CFFB9AE8D62}.Debug|Any CPU.Build.0 = Debug|Any CPU
		{A6607584-5992-48E2-9E73-9CFFB9AE8D62}.Release|Any CPU.ActiveCfg = Release|Any CPU
		{A6607584-5992-48E2-9E73-9CFFB9AE8D62}.Release|Any CPU.Build.0 = Release|Any CPU
	EndGlobalSection
	GlobalSection(SolutionProperties) = preSolution
		HideSolutionNode = FALSE
	EndGlobalSection
	GlobalSection(ExtensibilityGlobals) = postSolution
		SolutionGuid = {AD7495AC-0144-4337-AED8-08D1C419A564}
	EndGlobalSection
EndGlobal
